PODS:
  - Localize-Swift (3.2.0):
    - Localize-Swift/LocalizeSwiftCore (= 3.2.0)
    - Localize-Swift/UIKit (= 3.2.0)
  - Localize-Swift/LocalizeSwiftCore (3.2.0)
  - Localize-Swift/UIKit (3.2.0):
    - Localize-Swift/LocalizeSwiftCore
  - NVActivityIndicatorView (5.1.1):
    - NVActivityIndicatorView/Base (= 5.1.1)
  - NVActivityIndicatorView/Base (5.1.1)
  - TinyConstraints (4.0.2)

DEPENDENCIES:
  - Localize-Swift
  - NVActivityIndicatorView
  - TinyConstraints

SPEC REPOS:
  https://github.com/CocoaPods/Specs.git:
    - Localize-Swift
    - NVActivityIndicatorView
    - TinyConstraints

SPEC CHECKSUMS:
  Localize-Swift: 6f4475136bdb0d7b2882ea3d4ea919d70142b232
  NVActivityIndicatorView: 1f6c5687f1171810aa27a3296814dc2d7dec3667
  TinyConstraints: 7b7ccc0c485bb3bb47082138ff28bc33cd49897f

PODFILE CHECKSUM: f1489a58e588dd5290bdc0e3d6c99b9b316296d3

COCOAPODS: 1.11.2
